
Microsoft Visual Studio Solution File, Format Version 12.00
# Visual Studio Version 16
VisualStudioVersion = 16.0.32228.343
MinimumVisualStudioVersion = 10.0.40219.1
Project("{9A19103F-16F7-4668-BE54-9A1E7A4F7556}") = "NacosConfig", "NacosConfig\NacosConfig.csproj", "{0660E338-C4BA-49C9-8695-9A7CFC8CF5B2}"
EndProject
Global
	GlobalSection(SolutionConfigurationPlatforms) = preSolution
		Debug|Any CPU = Debug|Any CPU
		Release|Any CPU = Release|Any CPU
	EndGlobalSection
	GlobalSection(ProjectConfigurationPlatforms) = postSolution
		{0660E338-C4BA-49C9-8695-9A7CFC8CF5B2}.Debug|Any CPU.ActiveCfg = Debug|Any CPU
		{0660E338-C4BA-49C9-8695-9A7CFC8CF5B2}.Debug|Any CPU.Build.0 = Debug|Any CPU
		{0660E338-C4BA-49C9-8695-9A7CFC8CF5B2}.Release|Any CPU.ActiveCfg = Release|Any CPU
		{0660E338-C4BA-49C9-8695-9A7CFC8CF5B2}.Release|Any CPU.Build.0 = Release|Any CPU
	EndGlobalSection
	GlobalSection(SolutionProperties) = preSolution
		HideSolutionNode = FALSE
	EndGlobalSection
	GlobalSection(ExtensibilityGlobals) = postSolution
		SolutionGuid = {5AED413C-1D5B-4915-B064-11F4A42BF680}
	EndGlobalSection
EndGlobal
